
Microsoft Visual Studio Solution File, Format Version 12.00
# Visual Studio Version 16
VisualStudioVersion = 16.0.32413.511
MinimumVisualStudioVersion = 10.0.40219.1
Project("{FAE04EC0-301F-11D3-BF4B-00C04F79EFBC}") = "NickApp.UWP", "NickApp.UWP\NickApp.UWP.csproj", "{0492B8B9-4A4B-4317-B063-244A40C7AA48}"
EndProject
Project("{FAE04EC0-301F-11D3-BF4B-00C04F79EFBC}") = "NickApp.Android", "NickApp.Android\NickApp.Android.csproj", "{29B51A9F-77A2-4E80-8B2F-1082D1580450}"
EndProject
Project("{FAE04EC0-301F-11D3-BF4B-00C04F79EFBC}") = "NickApp.iOS", "NickApp.iOS\NickApp.iOS.csproj", "{F9E8A24D-E4A7-4BC0-91F9-4EEA3C39D305}"
EndProject
Project("{9A19103F-16F7-4668-BE54-9A1E7A4F7556}") = "NickApp", "NickApp\NickApp.csproj", "{D5737CB0-5949-402E-9414-E94E1B9337AB}"
EndProject
Project("{9A19103F-16F7-4668-BE54-9A1E7A4F7556}") = "NickWebApi", "NickWebApi\NickWebApi.csproj", "{5F0AC112-476B-402B-9B67-3352A8802CDD}"
EndProject
Project("{2150E333-8FDC-42A3-9474-1A3956D46DE8}") = "Solution Items", "Solution Items", "{4E002E5A-18BE-4D39-8D03-44AF34FBD212}"
	ProjectSection(SolutionItems) = preProject
		NICKDB.sql = NICKDB.sql
	EndProjectSection
EndProject
Global
	GlobalSection(SolutionConfigurationPlatforms) = preSolution
		Debug|Any CPU = Debug|Any CPU
		Debug|ARM = Debug|ARM
		Debug|iPhone = Debug|iPhone
		Debug|iPhoneSimulator = Debug|iPhoneSimulator
		Debug|x64 = Debug|x64
		Debug|x86 = Debug|x86
		Release|Any CPU = Release|Any CPU
		Release|ARM = Release|ARM
		Release|iPhone = Release|iPhone
		Release|iPhoneSimulator = Release|iPhoneSimulator
		Release|x64 = Release|x64
		Release|x86 = Release|x86
	EndGlobalSection
	GlobalSection(ProjectConfigurationPlatforms) = postSolution
		{0492B8B9-4A4B-4317-B063-244A40C7AA48}.Debug|Any CPU.ActiveCfg = Debug|x86
		{0492B8B9-4A4B-4317-B063-244A40C7AA48}.Debug|Any CPU.Build.0 = Debug|x86
		{0492B8B9-4A4B-4317-B063-244A40C7AA48}.Debug|Any CPU.Deploy.0 = Debug|x86
		{0492B8B9-4A4B-4317-B063-244A40C7AA48}.Debug|ARM.ActiveCfg = Debug|ARM
		{0492B8B9-4A4B-4317-B063-244A40C7AA48}.Debug|ARM.Build.0 = Debug|ARM
		{0492B8B9-4A4B-4317-B063-244A40C7AA48}.Debug|ARM.Deploy.0 = Debug|ARM
		{0492B8B9-4A4B-4317-B063-244A40C7AA48}.Debug|iPhone.ActiveCfg = Debug|x86
		{0492B8B9-4A4B-4317-B063-244A40C7AA48}.Debug|iPhone.Build.0 = Debug|x86
		{0492B8B9-4A4B-4317-B063-244A40C7AA48}.Debug|iPhone.Deploy.0 = Debug|x86
		{0492B8B9-4A4B-4317-B063-244A40C7AA48}.Debug|iPhoneSimulator.ActiveCfg = Debug|x86
		{0492B8B9-4A4B-4317-B063-244A40C7AA48}.Debug|iPhoneSimulator.Build.0 = Debug|x86
		{0492B8B9-4A4B-4317-B063-244A40C7AA48}.Debug|iPhoneSimulator.Deploy.0 = Debug|x86
		{0492B8B9-4A4B-4317-B063-244A40C7AA48}.Debug|x64.ActiveCfg = Debug|x64
		{0492B8B9-4A4B-4317-B063-244A40C7AA48}.Debug|x64.Build.0 = Debug|x64
		{0492B8B9-4A4B-4317-B063-244A40C7AA48}.Debug|x64.Deploy.0 = Debug|x64
		{0492B8B9-4A4B-4317-B063-244A40C7AA48}.Debug|x86.ActiveCfg = Debug|x86
		{0492B8B9-4A4B-4317-B063-244A40C7AA48}.Debug|x86.Build.0 = Debug|x86
		{0492B8B9-4A4B-4317-B063-244A40C7AA48}.Debug|x86.Deploy.0 = Debug|x86
		{0492B8B9-4A4B-4317-B063-244A40C7AA48}.Release|Any CPU.ActiveCfg = Release|x86
		{0492B8B9-4A4B-4317-B063-244A40C7AA48}.Release|Any CPU.Build.0 = Release|x86
		{0492B8B9-4A4B-4317-B063-244A40C7AA48}.Release|Any CPU.Deploy.0 = Release|x86
		{0492B8B9-4A4B-4317-B063-244A40C7AA48}.Release|ARM.ActiveCfg = Release|ARM
		{0492B8B9-4A4B-4317-B063-244A40C7AA48}.Release|ARM.Build.0 = Release|ARM
		{0492B8B9-4A4B-4317-B063-244A40C7AA48}.Release|ARM.Deploy.0 = Release|ARM
		{0492B8B9-4A4B-4317-B063-244A40C7AA48}.Release|iPhone.ActiveCfg = Release|x86
		{0492B8B9-4A4B-4317-B063-244A40C7AA48}.Release|iPhone.Build.0 = Release|x86
		{0492B8B9-4A4B-4317-B063-244A40C7AA48}.Release|iPhone.Deploy.0 = Release|x86
		{0492B8B9-4A4B-4317-B063-244A40C7AA48}.Release|iPhoneSimulator.ActiveCfg = Release|x86
		{0492B8B9-4A4B-4317-B063-244A40C7AA48}.Release|iPhoneSimulator.Build.0 = Release|x86
		{0492B8B9-4A4B-4317-B063-244A40C7AA48}.Release|iPhoneSimulator.Deploy.0 = Release|x86
		{0492B8B9-4A4B-4317-B063-244A40C7AA48}.Release|x64.ActiveCfg = Release|x64
		{0492B8B9-4A4B-4317-B063-244A40C7AA48}.Release|x64.Build.0 = Release|x64
		{0492B8B9-4A4B-4317-B063-244A40C7AA48}.Release|x64.Deploy.0 = Release|x64
		{0492B8B9-4A4B-4317-B063-244A40C7AA48}.Release|x86.ActiveCfg = Release|x86
		{0492B8B9-4A4B-4317-B063-244A40C7AA48}.Release|x86.Build.0 = Release|x86
		{0492B8B9-4A4B-4317-B063-244A40C7AA48}.Release|x86.Deploy.0 = Release|x86
		{29B51A9F-77A2-4E80-8B2F-1082D1580450}.Debug|Any CPU.ActiveCfg = Debug|Any CPU
		{29B51A9F-77A2-4E80-8B2F-1082D1580450}.Debug|Any CPU.Build.0 = Debug|Any CPU
		{29B51A9F-77A2-4E80-8B2F-1082D1580450}.Debug|Any CPU.Deploy.0 = Debug|Any CPU
		{29B51A9F-77A2-4E80-8B2F-1082D1580450}.Debug|ARM.ActiveCfg = Debug|Any CPU
		{29B51A9F-77A2-4E80-8B2F-1082D1580450}.Debug|ARM.Build.0 = Debug|Any CPU
		{29B51A9F-77A2-4E80-8B2F-1082D1580450}.Debug|ARM.Deploy.0 = Debug|Any CPU
		{29B51A9F-77A2-4E80-8B2F-1082D1580450}.Debug|iPhone.ActiveCfg = Debug|Any CPU
		{29B51A9F-77A2-4E80-8B2F-1082D1580450}.Debug|iPhone.Build.0 = Debug|Any CPU
		{29B51A9F-77A2-4E80-8B2F-1082D1580450}.Debug|iPhone.Deploy.0 = Debug|Any CPU
		{29B51A9F-77A2-4E80-8B2F-1082D1580450}.Debug|iPhoneSimulator.ActiveCfg = Debug|Any CPU
		{29B51A9F-77A2-4E80-8B2F-1082D1580450}.Debug|iPhoneSimulator.Build.0 = Debug|Any CPU
		{29B51A9F-77A2-4E80-8B2F-1082D1580450}.Debug|iPhoneSimulator.Deploy.0 = Debug|Any CPU
		{29B51A9F-77A2-4E80-8B2F-1082D1580450}.Debug|x64.ActiveCfg = Debug|Any CPU
		{29B51A9F-77A2-4E80-8B2F-1082D1580450}.Debug|x64.Build.0 = Debug|Any CPU
		{29B51A9F-77A2-4E80-8B2F-1082D1580450}.Debug|x64.Deploy.0 = Debug|Any CPU
		{29B51A9F-77A2-4E80-8B2F-1082D1580450}.Debug|x86.ActiveCfg = Debug|Any CPU
		{29B51A9F-77A2-4E80-8B2F-1082D1580450}.Debug|x86.Build.0 = Debug|Any CPU
		{29B51A9F-77A2-4E80-8B2F-1082D1580450}.Debug|x86.Deploy.0 = Debug|Any CPU
		{29B51A9F-77A2-4E80-8B2F-1082D1580450}.Release|Any CPU.ActiveCfg = Release|Any CPU
		{29B51A9F-77A2-4E80-8B2F-1082D1580450}.Release|Any CPU.Build.0 = Release|Any CPU
		{29B51A9F-77A2-4E80-8B2F-1082D1580450}.Release|Any CPU.Deploy.0 = Release|Any CPU
		{29B51A9F-77A2-4E80-8B2F-1082D1580450}.Release|ARM.ActiveCfg = Release|Any CPU
		{29B51A9F-77A2-4E80-8B2F-1082D1580450}.Release|ARM.Build.0 = Release|Any CPU
		{29B51A9F-77A2-4E80-8B2F-1082D1580450}.Release|ARM.Deploy.0 = Release|Any CPU
		{29B51A9F-77A2-4E80-8B2F-1082D1580450}.Release|iPhone.ActiveCfg = Release|Any CPU
		{29B51A9F-77A2-4E80-8B2F-1082D1580450}.Release|iPhone.Build.0 = Release|Any CPU
		{29B51A9F-77A2-4E80-8B2F-1082D1580450}.Release|iPhone.Deploy.0 = Release|Any CPU
		{29B51A9F-77A2-4E80-8B2F-1082D1580450}.Release|iPhoneSimulator.ActiveCfg = Release|Any CPU
		{29B51A9F-77A2-4E80-8B2F-1082D1580450}.Release|iPhoneSimulator.Build.0 = Release|Any CPU
		{29B51A9F-77A2-4E80-8B2F-1082D1580450}.Release|iPhoneSimulator.Deploy.0 = Release|Any CPU
		{29B51A9F-77A2-4E80-8B2F-1082D1580450}.Release|x64.ActiveCfg = Release|Any CPU
		{29B51A9F-77A2-4E80-8B2F-1082D1580450}.Release|x64.Build.0 = Release|Any CPU
		{29B51A9F-77A2-4E80-8B2F-1082D1580450}.Release|x64.Deploy.0 = Release|Any CPU
		{29B51A9F-77A2-4E80-8B2F-1082D1580450}.Release|x86.ActiveCfg = Release|Any CPU
		{29B51A9F-77A2-4E80-8B2F-1082D1580450}.Release|x86.Build.0 = Release|Any CPU
		{29B51A9F-77A2-4E80-8B2F-1082D1580450}.Release|x86.Deploy.0 = Release|Any CPU
		{F9E8A24D-E4A7-4BC0-91F9-4EEA3C39D305}.Debug|Any CPU.ActiveCfg = Debug|iPhoneSimulator
		{F9E8A24D-E4A7-4BC0-91F9-4EEA3C39D305}.Debug|Any CPU.Build.0 = Debug|iPhoneSimulator
		{F9E8A24D-E4A7-4BC0-91F9-4EEA3C39D305}.Debug|Any CPU.Deploy.0 = Debug|iPhoneSimulator
		{F9E8A24D-E4A7-4BC0-91F9-4EEA3C39D305}.Debug|ARM.ActiveCfg = Debug|iPhone
		{F9E8A24D-E4A7-4BC0-91F9-4EEA3C39D305}.Debug|ARM.Build.0 = Debug|iPhone
		{F9E8A24D-E4A7-4BC0-91F9-4EEA3C39D305}.Debug|ARM.Deploy.0 = Debug|iPhone
		{F9E8A24D-E4A7-4BC0-91F9-4EEA3C39D305}.Debug|iPhone.ActiveCfg = Debug|iPhone
		{F9E8A24D-E4A7-4BC0-91F9-4EEA3C39D305}.Debug|iPhone.Build.0 = Debug|iPhone
		{F9E8A24D-E4A7-4BC0-91F9-4EEA3C39D305}.Debug|iPhone.Deploy.0 = Debug|iPhone
		{F9E8A24D-E4A7-4BC0-91F9-4EEA3C39D305}.Debug|iPhoneSimulator.ActiveCfg = Debug|iPhoneSimulator
		{F9E8A24D-E4A7-4BC0-91F9-4EEA3C39D305}.Debug|iPhoneSimulator.Build.0 = Debug|iPhoneSimulator
		{F9E8A24D-E4A7-4BC0-91F9-4EEA3C39D305}.Debug|iPhoneSimulator.Deploy.0 = Debug|iPhoneSimulator
		{F9E8A24D-E4A7-4BC0-91F9-4EEA3C39D305}.Debug|x64.ActiveCfg = Debug|iPhoneSimulator
		{F9E8A24D-E4A7-4BC0-91F9-4EEA3C39D305}.Debug|x64.Build.0 = Debug|iPhoneSimulator
		{F9E8A24D-E4A7-4BC0-91F9-4EEA3C39D305}.Debug|x64.Deploy.0 = Debug|iPhoneSimulator
		{F9E8A24D-E4A7-4BC0-91F9-4EEA3C39D305}.Debug|x86.ActiveCfg = Debug|iPhoneSimulator
		{F9E8A24D-E4A7-4BC0-91F9-4EEA3C39D305}.Debug|x86.Build.0 = Debug|iPhoneSimulator
		{F9E8A24D-E4A7-4BC0-91F9-4EEA3C39D305}.Debug|x86.Deploy.0 = Debug|iPhoneSimulator
		{F9E8A24D-E4A7-4BC0-91F9-4EEA3C39D305}.Release|Any CPU.ActiveCfg = Release|iPhoneSimulator
		{F9E8A24D-E4A7-4BC0-91F9-4EEA3C39D305}.Release|Any CPU.Build.0 = Release|iPhoneSimulator
		{F9E8A24D-E4A7-4BC0-91F9-4EEA3C39D305}.Release|Any CPU.Deploy.0 = Release|iPhoneSimulator
		{F9E8A24D-E4A7-4BC0-91F9-4EEA3C39D305}.Release|ARM.ActiveCfg = Release|iPhoneSimulator
		{F9E8A24D-E4A7-4BC0-91F9-4EEA3C39D305}.Release|ARM.Build.0 = Release|iPhoneSimulator
		{F9E8A24D-E4A7-4BC0-91F9-4EEA3C39D305}.Release|ARM.Deploy.0 = Release|iPhoneSimulator
		{F9E8A24D-E4A7-4BC0-91F9-4EEA3C39D305}.Release|iPhone.ActiveCfg = Release|iPhone
		{F9E8A24D-E4A7-4BC0-91F9-4EEA3C39D305}.Release|iPhone.Build.0 = Release|iPhone
		{F9E8A24D-E4A7-4BC0-91F9-4EEA3C39D305}.Release|iPhone.Deploy.0 = Release|iPhone
		{F9E8A24D-E4A7-4BC0-91F9-4EEA3C39D305}.Release|iPhoneSimulator.ActiveCfg = Release|iPhoneSimulator
		{F9E8A24D-E4A7-4BC0-91F9-4EEA3C39D305}.Release|iPhoneSimulator.Build.0 = Release|iPhoneSimulator
		{F9E8A24D-E4A7-4BC0-91F9-4EEA3C39D305}.Release|iPhoneSimulator.Deploy.0 = Release|iPhoneSimulator
		{F9E8A24D-E4A7-4BC0-91F9-4EEA3C39D305}.Release|x64.ActiveCfg = Release|iPhoneSimulator
		{F9E8A24D-E4A7-4BC0-91F9-4EEA3C39D305}.Release|x64.Build.0 = Release|iPhoneSimulator
		{F9E8A24D-E4A7-4BC0-91F9-4EEA3C39D305}.Release|x64.Deploy.0 = Release|iPhoneSimulator
		{F9E8A24D-E4A7-4BC0-91F9-4EEA3C39D305}.Release|x86.ActiveCfg = Release|iPhoneSimulator
		{F9E8A24D-E4A7-4BC0-91F9-4EEA3C39D305}.Release|x86.Build.0 = Release|iPhoneSimulator
		{F9E8A24D-E4A7-4BC0-91F9-4EEA3C39D305}.Release|x86.Deploy.0 = Release|iPhoneSimulator
		{D5737CB0-5949-402E-9414-E94E1B9337AB}.Debug|Any CPU.ActiveCfg = Debug|Any CPU
		{D5737CB0-5949-402E-9414-E94E1B9337AB}.Debug|Any CPU.Build.0 = Debug|Any CPU
		{D5737CB0-5949-402E-9414-E94E1B9337AB}.Debug|Any CPU.Deploy.0 = Debug|Any CPU
		{D5737CB0-5949-402E-9414-E94E1B9337AB}.Debug|ARM.ActiveCfg = Debug|Any CPU
		{D5737CB0-5949-402E-9414-E94E1B9337AB}.Debug|ARM.Build.0 = Debug|Any CPU
		{D5737CB0-5949-402E-9414-E94E1B9337AB}.Debug|ARM.Deploy.0 = Debug|Any CPU
		{D5737CB0-5949-402E-9414-E94E1B9337AB}.Debug|iPhone.ActiveCfg = Debug|Any CPU
		{D5737CB0-5949-402E-9414-E94E1B9337AB}.Debug|iPhone.Build.0 = Debug|Any CPU
		{D5737CB0-5949-402E-9414-E94E1B9337AB}.Debug|iPhone.Deploy.0 = Debug|Any CPU
		{D5737CB0-5949-402E-9414-E94E1B9337AB}.Debug|iPhoneSimulator.ActiveCfg = Debug|Any CPU
		{D5737CB0-5949-402E-9414-E94E1B9337AB}.Debug|iPhoneSimulator.Build.0 = Debug|Any CPU
		{D5737CB0-5949-402E-9414-E94E1B9337AB}.Debug|iPhoneSimulator.Deploy.0 = Debug|Any CPU
		{D5737CB0-5949-402E-9414-E94E1B9337AB}.Debug|x64.ActiveCfg = Debug|Any CPU
		{D5737CB0-5949-402E-9414-E94E1B9337AB}.Debug|x64.Build.0 = Debug|Any CPU
		{D5737CB0-5949-402E-9414-E94E1B9337AB}.Debug|x64.Deploy.0 = Debug|Any CPU
		{D5737CB0-5949-402E-9414-E94E1B9337AB}.Debug|x86.ActiveCfg = Debug|Any CPU
		{D5737CB0-5949-402E-9414-E94E1B9337AB}.Debug|x86.Build.0 = Debug|Any CPU
		{D5737CB0-5949-402E-9414-E94E1B9337AB}.Debug|x86.Deploy.0 = Debug|Any CPU
		{D5737CB0-5949-402E-9414-E94E1B9337AB}.Release|Any CPU.ActiveCfg = Release|Any CPU
		{D5737CB0-5949-402E-9414-E94E1B9337AB}.Release|Any CPU.Build.0 = Release|Any CPU
		{D5737CB0-5949-402E-9414-E94E1B9337AB}.Release|Any CPU.Deploy.0 = Release|Any CPU
		{D5737CB0-5949-402E-9414-E94E1B9337AB}.Release|ARM.ActiveCfg = Release|Any CPU
		{D5737CB0-5949-402E-9414-E94E1B9337AB}.Release|ARM.Build.0 = Release|Any CPU
		{D5737CB0-5949-402E-9414-E94E1B9337AB}.Release|ARM.Deploy.0 = Release|Any CPU
		{D5737CB0-5949-402E-9414-E94E1B9337AB}.Release|iPhone.ActiveCfg = Release|Any CPU
		{D5737CB0-5949-402E-9414-E94E1B9337AB}.Release|iPhone.Build.0 = Release|Any CPU
		{D5737CB0-5949-402E-9414-E94E1B9337AB}.Release|iPhone.Deploy.0 = Release|Any CPU
		{D5737CB0-5949-402E-9414-E94E1B9337AB}.Release|iPhoneSimulator.ActiveCfg = Release|Any CPU
		{D5737CB0-5949-402E-9414-E94E1B9337AB}.Release|iPhoneSimulator.Build.0 = Release|Any CPU
		{D5737CB0-5949-402E-9414-E94E1B9337AB}.Release|iPhoneSimulator.Deploy.0 = Release|Any CPU
		{D5737CB0-5949-402E-9414-E94E1B9337AB}.Release|x64.ActiveCfg = Release|Any CPU
		{D5737CB0-5949-402E-9414-E94E1B9337AB}.Release|x64.Build.0 = Release|Any CPU
		{D5737CB0-5949-402E-9414-E94E1B9337AB}.Release|x64.Deploy.0 = Release|Any CPU
		{D5737CB0-5949-402E-9414-E94E1B9337AB}.Release|x86.ActiveCfg = Release|Any CPU
		{D5737CB0-5949-402E-9414-E94E1B9337AB}.Release|x86.Build.0 = Release|Any CPU
		{D5737CB0-5949-402E-9414-E94E1B9337AB}.Release|x86.Deploy.0 = Release|Any CPU
		{5F0AC112-476B-402B-9B67-3352A8802CDD}.Debug|Any CPU.ActiveCfg = Debug|Any CPU
		{5F0AC112-476B-402B-9B67-3352A8802CDD}.Debug|Any CPU.Build.0 = Debug|Any CPU
		{5F0AC112-476B-402B-9B67-3352A8802CDD}.Debug|ARM.ActiveCfg = Debug|Any CPU
		{5F0AC112-476B-402B-9B67-3352A8802CDD}.Debug|ARM.Build.0 = Debug|Any CPU
		{5F0AC112-476B-402B-9B67-3352A8802CDD}.Debug|iPhone.ActiveCfg = Debug|Any CPU
		{5F0AC112-476B-402B-9B67-3352A8802CDD}.Debug|iPhone.Build.0 = Debug|Any CPU
		{5F0AC112-476B-402B-9B67-3352A8802CDD}.Debug|iPhoneSimulator.ActiveCfg = Debug|Any CPU
		{5F0AC112-476B-402B-9B67-3352A8802CDD}.Debug|iPhoneSimulator.Build.0 = Debug|Any CPU
		{5F0AC112-476B-402B-9B67-3352A8802CDD}.Debug|x64.ActiveCfg = Debug|Any CPU
		{5F0AC112-476B-402B-9B67-3352A8802CDD}.Debug|x64.Build.0 = Debug|Any CPU
		{5F0AC112-476B-402B-9B67-3352A8802CDD}.Debug|x86.ActiveCfg = Debug|Any CPU
		{5F0AC112-476B-402B-9B67-3352A8802CDD}.Debug|x86.Build.0 = Debug|Any CPU
		{5F0AC112-476B-402B-9B67-3352A8802CDD}.Release|Any CPU.ActiveCfg = Release|Any CPU
		{5F0AC112-476B-402B-9B67-3352A8802CDD}.Release|Any CPU.Build.0 = Release|Any CPU
		{5F0AC112-476B-402B-9B67-3352A8802CDD}.Release|ARM.ActiveCfg = Release|Any CPU
		{5F0AC112-476B-402B-9B67-3352A8802CDD}.Release|ARM.Build.0 = Release|Any CPU
		{5F0AC112-476B-402B-9B67-3352A8802CDD}.Release|iPhone.ActiveCfg = Release|Any CPU
		{5F0AC112-476B-402B-9B67-3352A8802CDD}.Release|iPhone.Build.0 = Release|Any CPU
		{5F0AC112-476B-402B-9B67-3352A8802CDD}.Release|iPhoneSimulator.ActiveCfg = Release|Any CPU
		{5F0AC112-476B-402B-9B67-3352A8802CDD}.Release|iPhoneSimulator.Build.0 = Release|Any CPU
		{5F0AC112-476B-402B-9B67-3352A8802CDD}.Release|x64.ActiveCfg = Release|Any CPU
		{5F0AC112-476B-402B-9B67-3352A8802CDD}.Release|x64.Build.0 = Release|Any CPU
		{5F0AC112-476B-402B-9B67-3352A8802CDD}.Release|x86.ActiveCfg = Release|Any CPU
		{5F0AC112-476B-402B-9B67-3352A8802CDD}.Release|x86.Build.0 = Release|Any CPU
	EndGlobalSection
	GlobalSection(SolutionProperties) = preSolution
		HideSolutionNode = FALSE
	EndGlobalSection
	GlobalSection(ExtensibilityGlobals) = postSolution
		SolutionGuid = {129027CC-8566-4483-B6AE-7753F2C7A791}
	EndGlobalSection
EndGlobal
